
Microsoft Visual Studio Solution File, Format Version 12.00
# Visual Studio Version 16
VisualStudioVersion = 16.0.31129.286
MinimumVisualStudioVersion = 10.0.40219.1
Project("{FAE04EC0-301F-11D3-BF4B-00C04F79EFBC}") = "AppEjemploGit2021M52", "AppEjemploGit2021M52.csproj", "{66B6A51C-F4C0-4F97-B839-5BF9940F8F9D}"
EndProject
Global
	GlobalSection(SolutionConfigurationPlatforms) = preSolution
		Debug|Any CPU = Debug|Any CPU
		Release|Any CPU = Release|Any CPU
	EndGlobalSection
	GlobalSection(ProjectConfigurationPlatforms) = postSolution
		{66B6A51C-F4C0-4F97-B839-5BF9940F8F9D}.Debug|Any CPU.ActiveCfg = Debug|Any CPU
		{66B6A51C-F4C0-4F97-B839-5BF9940F8F9D}.Debug|Any CPU.Build.0 = Debug|Any CPU
		{66B6A51C-F4C0-4F97-B839-5BF9940F8F9D}.Release|Any CPU.ActiveCfg = Release|Any CPU
		{66B6A51C-F4C0-4F97-B839-5BF9940F8F9D}.Release|Any CPU.Build.0 = Release|Any CPU
	EndGlobalSection
	GlobalSection(SolutionProperties) = preSolution
		HideSolutionNode = FALSE
	EndGlobalSection
	GlobalSection(ExtensibilityGlobals) = postSolution
		SolutionGuid = {0F6AB077-9299-46DA-A11D-796F820C1546}
	EndGlobalSection
EndGlobal
